
Microsoft Visual Studio Solution File, Format Version 12.00
# Visual Studio Version 17
VisualStudioVersion = 17.3.32901.215
MinimumVisualStudioVersion = 10.0.40219.1
Project("{FAE04EC0-301F-11D3-BF4B-00C04F79EFBC}") = "CalculatorTest", "Calculator\CalculatorTest.csproj", "{C02F2523-B194-406A-863E-8EA568D0131D}"
EndProject
Project("{FAE04EC0-301F-11D3-BF4B-00C04F79EFBC}") = "Domain", "Domain\Domain.csproj", "{CD80A836-2108-449E-8BAC-B250B2AACFB3}"
EndProject
Global
	GlobalSection(SolutionConfigurationPlatforms) = preSolution
		Debug|Any CPU = Debug|Any CPU
		Release|Any CPU = Release|Any CPU
	EndGlobalSection
	GlobalSection(ProjectConfigurationPlatforms) = postSolution
		{C02F2523-B194-406A-863E-8EA568D0131D}.Debug|Any CPU.ActiveCfg = Debug|Any CPU
		{C02F2523-B194-406A-863E-8EA568D0131D}.Debug|Any CPU.Build.0 = Debug|Any CPU
		{C02F2523-B194-406A-863E-8EA568D0131D}.Release|Any CPU.ActiveCfg = Release|Any CPU
		{C02F2523-B194-406A-863E-8EA568D0131D}.Release|Any CPU.Build.0 = Release|Any CPU
		{CD80A836-2108-449E-8BAC-B250B2AACFB3}.Debug|Any CPU.ActiveCfg = Debug|Any CPU
		{CD80A836-2108-449E-8BAC-B250B2AACFB3}.Debug|Any CPU.Build.0 = Debug|Any CPU
		{CD80A836-2108-449E-8BAC-B250B2AACFB3}.Release|Any CPU.ActiveCfg = Release|Any CPU
		{CD80A836-2108-449E-8BAC-B250B2AACFB3}.Release|Any CPU.Build.0 = Release|Any CPU
	EndGlobalSection
	GlobalSection(SolutionProperties) = preSolution
		HideSolutionNode = FALSE
	EndGlobalSection
	GlobalSection(ExtensibilityGlobals) = postSolution
		SolutionGuid = {96DB9923-1C2A-4CCC-91A2-795D8AF0538E}
	EndGlobalSection
EndGlobal
